
Microsoft Visual Studio Solution File, Format Version 12.00
# Visual Studio Version 16
VisualStudioVersion = 16.0.31729.503
MinimumVisualStudioVersion = 10.0.40219.1
Project("{FAE04EC0-301F-11D3-BF4B-00C04F79EFBC}") = "SalesWebApi", "SalesWebApi.csproj", "{B8087539-3D41-4964-AA97-B98A51441772}"
EndProject
Global
	GlobalSection(SolutionConfigurationPlatforms) = preSolution
		Debug|Any CPU = Debug|Any CPU
		Release|Any CPU = Release|Any CPU
	EndGlobalSection
	GlobalSection(ProjectConfigurationPlatforms) = postSolution
		{B8087539-3D41-4964-AA97-B98A51441772}.Debug|Any CPU.ActiveCfg = Debug|Any CPU
		{B8087539-3D41-4964-AA97-B98A51441772}.Debug|Any CPU.Build.0 = Debug|Any CPU
		{B8087539-3D41-4964-AA97-B98A51441772}.Release|Any CPU.ActiveCfg = Release|Any CPU
		{B8087539-3D41-4964-AA97-B98A51441772}.Release|Any CPU.Build.0 = Release|Any CPU
	EndGlobalSection
	GlobalSection(SolutionProperties) = preSolution
		HideSolutionNode = FALSE
	EndGlobalSection
	GlobalSection(ExtensibilityGlobals) = postSolution
		SolutionGuid = {1009F520-1476-4EE9-9013-261FB9DF586A}
	EndGlobalSection
EndGlobal
